
Microsoft Visual Studio Solution File, Format Version 12.00
# Visual Studio Version 16
VisualStudioVersion = 16.0.33920.266
MinimumVisualStudioVersion = 10.0.40219.1
Project("{FAE04EC0-301F-11D3-BF4B-00C04F79EFBC}") = "ePizzaHub.Entities", "ePizzaHub.Entities\ePizzaHub.Entities.csproj", "{FD9D772F-75B2-4641-BC03-81C60F8B1968}"
EndProject
Project("{FAE04EC0-301F-11D3-BF4B-00C04F79EFBC}") = "ePizzaHub.Repositories", "ePizzaHub.Repositories\ePizzaHub.Repositories.csproj", "{9EB0281C-809D-4D47-9296-363F5BE0E510}"
EndProject
Project("{FAE04EC0-301F-11D3-BF4B-00C04F79EFBC}") = "ePizzaHub.Services", "ePizzaHub.Services\ePizzaHub.Services.csproj", "{8B0EB3C7-FB5F-43AB-A501-CD73EDD4A3B7}"
EndProject
Project("{FAE04EC0-301F-11D3-BF4B-00C04F79EFBC}") = "ePizzaHub.WebUI", "ePizzaHub.WebUI\ePizzaHub.WebUI.csproj", "{CEEFD560-C106-4E3B-8E7E-471D575C5F6C}"
EndProject
Global
	GlobalSection(SolutionConfigurationPlatforms) = preSolution
		Debug|Any CPU = Debug|Any CPU
		Release|Any CPU = Release|Any CPU
	EndGlobalSection
	GlobalSection(ProjectConfigurationPlatforms) = postSolution
		{FD9D772F-75B2-4641-BC03-81C60F8B1968}.Debug|Any CPU.ActiveCfg = Debug|Any CPU
		{FD9D772F-75B2-4641-BC03-81C60F8B1968}.Debug|Any CPU.Build.0 = Debug|Any CPU
		{FD9D772F-75B2-4641-BC03-81C60F8B1968}.Release|Any CPU.ActiveCfg = Release|Any CPU
		{FD9D772F-75B2-4641-BC03-81C60F8B1968}.Release|Any CPU.Build.0 = Release|Any CPU
		{9EB0281C-809D-4D47-9296-363F5BE0E510}.Debug|Any CPU.ActiveCfg = Debug|Any CPU
		{9EB0281C-809D-4D47-9296-363F5BE0E510}.Debug|Any CPU.Build.0 = Debug|Any CPU
		{9EB0281C-809D-4D47-9296-363F5BE0E510}.Release|Any CPU.ActiveCfg = Release|Any CPU
		{9EB0281C-809D-4D47-9296-363F5BE0E510}.Release|Any CPU.Build.0 = Release|Any CPU
		{8B0EB3C7-FB5F-43AB-A501-CD73EDD4A3B7}.Debug|Any CPU.ActiveCfg = Debug|Any CPU
		{8B0EB3C7-FB5F-43AB-A501-CD73EDD4A3B7}.Debug|Any CPU.Build.0 = Debug|Any CPU
		{8B0EB3C7-FB5F-43AB-A501-CD73EDD4A3B7}.Release|Any CPU.ActiveCfg = Release|Any CPU
		{8B0EB3C7-FB5F-43AB-A501-CD73EDD4A3B7}.Release|Any CPU.Build.0 = Release|Any CPU
		{CEEFD560-C106-4E3B-8E7E-471D575C5F6C}.Debug|Any CPU.ActiveCfg = Debug|Any CPU
		{CEEFD560-C106-4E3B-8E7E-471D575C5F6C}.Debug|Any CPU.Build.0 = Debug|Any CPU
		{CEEFD560-C106-4E3B-8E7E-471D575C5F6C}.Release|Any CPU.ActiveCfg = Release|Any CPU
		{CEEFD560-C106-4E3B-8E7E-471D575C5F6C}.Release|Any CPU.Build.0 = Release|Any CPU
	EndGlobalSection
	GlobalSection(SolutionProperties) = preSolution
		HideSolutionNode = FALSE
	EndGlobalSection
	GlobalSection(ExtensibilityGlobals) = postSolution
		SolutionGuid = {A0BF0E8C-32C7-42B3-8C2E-3E617A206CA9}
	EndGlobalSection
EndGlobal
